PODS:
  - ObjectMapper (3.4.1)
  - youtube-ios-player-helper (0.1.6)

DEPENDENCIES:
  - ObjectMapper
  - youtube-ios-player-helper

SPEC REPOS:
  https://github.com/cocoapods/specs.git:
    - ObjectMapper
    - youtube-ios-player-helper

SPEC CHECKSUMS:
  ObjectMapper: 5311bd50ca732930959e7ca1a2de43ab823a5ced
  youtube-ios-player-helper: 21ab92db027c7ff86cb17a3843a3f6eafc8158d2

PODFILE CHECKSUM: 78bbd444473c46596afeba558b20242423af0a29

COCOAPODS: 1.5.3
