// !$*UTF8*$!
{
	archiveVersion = 1;
	classes = {
	};
	objectVersion = 50;
	objects = {

/* Begin PBXBuildFile section */
		E9FB54CD209C051E000B1E8B /* AppDelegate.swift in Sources */ = {isa = PBXBuildFile; fileRef = E9FB54CC209C051E000B1E8B /* AppDelegate.swift */; };
		E9FB54D4209C051F000B1E8B /* Assets.xcassets in Resources */ = {isa = PBXBuildFile; fileRef = E9FB54D3209C051F000B1E8B /* Assets.xcassets */; };
		E9FB54D7209C051F000B1E8B /* LaunchScreen.storyboard in Resources */ = {isa = PBXBuildFile; fileRef = E9FB54D5209C051F000B1E8B /* LaunchScreen.storyboard */; };
		E9FB54E6209C054D000B1E8B /* RequestManager.swift in Sources */ = {isa = PBXBuildFile; fileRef = E9FB54E3209C054D000B1E8B /* RequestManager.swift */; };
		E9FB54E7209C054D000B1E8B /* NetworkLayer.swift in Sources */ = {isa = PBXBuildFile; fileRef = E9FB54E4209C054D000B1E8B /* NetworkLayer.swift */; };
		E9FB54E8209C054D000B1E8B /* NetworkDispatcher.swift in Sources */ = {isa = PBXBuildFile; fileRef = E9FB54E5209C054D000B1E8B /* NetworkDispatcher.swift */; };
		E9FB54EA209C057E000B1E8B /* SearchViewController.swift in Sources */ = {isa = PBXBuildFile; fileRef = E9FB54E9209C057E000B1E8B /* SearchViewController.swift */; };
		E9FB54EC209C05DB000B1E8B /* Constants.swift in Sources */ = {isa = PBXBuildFile; fileRef = E9FB54EB209C05DB000B1E8B /* Constants.swift */; };
		E9FB54EE209E167E000B1E8B /* SearchRequests.swift in Sources */ = {isa = PBXBuildFile; fileRef = E9FB54ED209E167E000B1E8B /* SearchRequests.swift */; };
		E9FB54F0209E2BA8000B1E8B /* SearchViewModel.swift in Sources */ = {isa = PBXBuildFile; fileRef = E9FB54EF209E2BA8000B1E8B /* SearchViewModel.swift */; };
		E9FB54F2209E2BDE000B1E8B /* SearchViewController+Constraints.swift in Sources */ = {isa = PBXBuildFile; fileRef = E9FB54F1209E2BDE000B1E8B /* SearchViewController+Constraints.swift */; };
/* End PBXBuildFile section */

/* Begin PBXFileReference section */
		E9FB54C9209C051E000B1E8B /* Youtube Challenge.app */ = {isa = PBXFileReference; explicitFileType = wrapper.application; includeInIndex = 0; path = "Youtube Challenge.app"; sourceTree = BUILT_PRODUCTS_DIR; };
		E9FB54CC209C051E000B1E8B /* AppDelegate.swift */ = {isa = PBXFileReference; lastKnownFileType = sourcecode.swift; path = AppDelegate.swift; sourceTree = "<group>"; };
		E9FB54D3209C051F000B1E8B /* Assets.xcassets */ = {isa = PBXFileReference; lastKnownFileType = folder.assetcatalog; path = Assets.xcassets; sourceTree = "<group>"; };
		E9FB54D6209C051F000B1E8B /* Base */ = {isa = PBXFileReference; lastKnownFileType = file.storyboard; name = Base; path = Base.lproj/LaunchScreen.storyboard; sourceTree = "<group>"; };
		E9FB54D8209C051F000B1E8B /* Info.plist */ = {isa = PBXFileReference; lastKnownFileType = text.plist.xml; path = Info.plist; sourceTree = "<group>"; };
		E9FB54E3209C054D000B1E8B /* RequestManager.swift */ = {isa = PBXFileReference; fileEncoding = 4; lastKnownFileType = sourcecode.swift; path = RequestManager.swift; sourceTree = "<group>"; };
		E9FB54E4209C054D000B1E8B /* NetworkLayer.swift */ = {isa = PBXFileReference; fileEncoding = 4; lastKnownFileType = sourcecode.swift; path = NetworkLayer.swift; sourceTree = "<group>"; };
		E9FB54E5209C054D000B1E8B /* NetworkDispatcher.swift */ = {isa = PBXFileReference; fileEncoding = 4; lastKnownFileType = sourcecode.swift; path = NetworkDispatcher.swift; sourceTree = "<group>"; };
		E9FB54E9209C057E000B1E8B /* SearchViewController.swift */ = {isa = PBXFileReference; lastKnownFileType = sourcecode.swift; path = SearchViewController.swift; sourceTree = "<group>"; };
		E9FB54EB209C05DB000B1E8B /* Constants.swift */ = {isa = PBXFileReference; lastKnownFileType = sourcecode.swift; name = Constants.swift; path = Source/Constants.swift; sourceTree = "<group>"; };
		E9FB54ED209E167E000B1E8B /* SearchRequests.swift */ = {isa = PBXFileReference; lastKnownFileType = sourcecode.swift; path = SearchRequests.swift; sourceTree = "<group>"; };
		E9FB54EF209E2BA8000B1E8B /* SearchViewModel.swift */ = {isa = PBXFileReference; lastKnownFileType = sourcecode.swift; path = SearchViewModel.swift; sourceTree = "<group>"; };
		E9FB54F1209E2BDE000B1E8B /* SearchViewController+Constraints.swift */ = {isa = PBXFileReference; lastKnownFileType = sourcecode.swift; path = "SearchViewController+Constraints.swift"; sourceTree = "<group>"; };
/* End PBXFileReference section */

/* Begin PBXFrameworksBuildPhase section */
		E9FB54C6209C051E000B1E8B /* Frameworks */ = {
			isa = PBXFrameworksBuildPhase;
			buildActionMask = 2147483647;
			files = (
			);
			runOnlyForDeploymentPostprocessing = 0;
		};
/* End PBXFrameworksBuildPhase section */

/* Begin PBXGroup section */
		E9FB54C0209C051E000B1E8B = {
			isa = PBXGroup;
			children = (
				E9FB54CB209C051E000B1E8B /* Youtube Challenge */,
				E9FB54CA209C051E000B1E8B /* Products */,
			);
			sourceTree = "<group>";
		};
		E9FB54CA209C051E000B1E8B /* Products */ = {
			isa = PBXGroup;
			children = (
				E9FB54C9209C051E000B1E8B /* Youtube Challenge.app */,
			);
			name = Products;
			sourceTree = "<group>";
		};
		E9FB54CB209C051E000B1E8B /* Youtube Challenge */ = {
			isa = PBXGroup;
			children = (
				E9FB54CC209C051E000B1E8B /* AppDelegate.swift */,
				E9FB54EB209C05DB000B1E8B /* Constants.swift */,
				E9FB54E0209C054D000B1E8B /* Controllers */,
				E9FB54E1209C054D000B1E8B /* Models */,
				E9FB54E2209C054D000B1E8B /* Networking */,
				E9FB54DE209C054D000B1E8B /* ViewModels */,
				E9FB54DF209C054D000B1E8B /* Views */,
				E9FB54D3209C051F000B1E8B /* Assets.xcassets */,
				E9FB54D5209C051F000B1E8B /* LaunchScreen.storyboard */,
				E9FB54D8209C051F000B1E8B /* Info.plist */,
			);
			path = "Youtube Challenge";
			sourceTree = "<group>";
		};
		E9FB54DE209C054D000B1E8B /* ViewModels */ = {
			isa = PBXGroup;
			children = (
				E9FB54EF209E2BA8000B1E8B /* SearchViewModel.swift */,
			);
			name = ViewModels;
			path = Source/ViewModels;
			sourceTree = "<group>";
		};
		E9FB54DF209C054D000B1E8B /* Views */ = {
			isa = PBXGroup;
			children = (
			);
			name = Views;
			path = Source/Views;
			sourceTree = "<group>";
		};
		E9FB54E0209C054D000B1E8B /* Controllers */ = {
			isa = PBXGroup;
			children = (
				E9FB54E9209C057E000B1E8B /* SearchViewController.swift */,
				E9FB54F1209E2BDE000B1E8B /* SearchViewController+Constraints.swift */,
			);
			name = Controllers;
			path = Source/Controllers;
			sourceTree = "<group>";
		};
		E9FB54E1209C054D000B1E8B /* Models */ = {
			isa = PBXGroup;
			children = (
			);
			name = Models;
			path = Source/Models;
			sourceTree = "<group>";
		};
		E9FB54E2209C054D000B1E8B /* Networking */ = {
			isa = PBXGroup;
			children = (
				E9FB54E4209C054D000B1E8B /* NetworkLayer.swift */,
				E9FB54E3209C054D000B1E8B /* RequestManager.swift */,
				E9FB54E5209C054D000B1E8B /* NetworkDispatcher.swift */,
				E9FB54ED209E167E000B1E8B /* SearchRequests.swift */,
			);
			name = Networking;
			path = Source/Networking;
			sourceTree = "<group>";
		};
/* End PBXGroup section */

/* Begin PBXNativeTarget section */
		E9FB54C8209C051E000B1E8B /* Youtube Challenge */ = {
			isa = PBXNativeTarget;
			buildConfigurationList = E9FB54DB209C051F000B1E8B /* Build configuration list for PBXNativeTarget "Youtube Challenge" */;
			buildPhases = (
				E9FB54C5209C051E000B1E8B /* Sources */,
				E9FB54C6209C051E000B1E8B /* Frameworks */,
				E9FB54C7209C051E000B1E8B /* Resources */,
			);
			buildRules = (
			);
			dependencies = (
			);
			name = "Youtube Challenge";
			productName = "Youtube Challenge";
			productReference = E9FB54C9209C051E000B1E8B /* Youtube Challenge.app */;
			productType = "com.apple.product-type.application";
		};
/* End PBXNativeTarget section */

/* Begin PBXProject section */
		E9FB54C1209C051E000B1E8B /* Project object */ = {
			isa = PBXProject;
			attributes = {
				LastSwiftUpdateCheck = 0940;
				LastUpgradeCheck = 0940;
				ORGANIZATIONNAME = Applicaster;
				TargetAttributes = {
					E9FB54C8209C051E000B1E8B = {
						CreatedOnToolsVersion = 9.4;
					};
				};
			};
			buildConfigurationList = E9FB54C4209C051E000B1E8B /* Build configuration list for PBXProject "Youtube Challenge" */;
			compatibilityVersion = "Xcode 9.3";
			developmentRegion = en;
			hasScannedForEncodings = 0;
			knownRegions = (
				en,
				Base,
			);
			mainGroup = E9FB54C0209C051E000B1E8B;
			productRefGroup = E9FB54CA209C051E000B1E8B /* Products */;
			projectDirPath = "";
			projectRoot = "";
			targets = (
				E9FB54C8209C051E000B1E8B /* Youtube Challenge */,
			);
		};
/* End PBXProject section */

/* Begin PBXResourcesBuildPhase section */
		E9FB54C7209C051E000B1E8B /* Resources */ = {
			isa = PBXResourcesBuildPhase;
			buildActionMask = 2147483647;
			files = (
				E9FB54D7209C051F000B1E8B /* LaunchScreen.storyboard in Resources */,
				E9FB54D4209C051F000B1E8B /* Assets.xcassets in Resources */,
			);
			runOnlyForDeploymentPostprocessing = 0;
		};
/* End PBXResourcesBuildPhase section */

/* Begin PBXSourcesBuildPhase section */
		E9FB54C5209C051E000B1E8B /* Sources */ = {
			isa = PBXSourcesBuildPhase;
			buildActionMask = 2147483647;
			files = (
				E9FB54EE209E167E000B1E8B /* SearchRequests.swift in Sources */,
				E9FB54EA209C057E000B1E8B /* SearchViewController.swift in Sources */,
				E9FB54F0209E2BA8000B1E8B /* SearchViewModel.swift in Sources */,
				E9FB54E7209C054D000B1E8B /* NetworkLayer.swift in Sources */,
				E9FB54F2209E2BDE000B1E8B /* SearchViewController+Constraints.swift in Sources */,
				E9FB54E6209C054D000B1E8B /* RequestManager.swift in Sources */,
				E9FB54E8209C054D000B1E8B /* NetworkDispatcher.swift in Sources */,
				E9FB54CD209C051E000B1E8B /* AppDelegate.swift in Sources */,
				E9FB54EC209C05DB000B1E8B /* Constants.swift in Sources */,
			);
			runOnlyForDeploymentPostprocessing = 0;
		};
/* End PBXSourcesBuildPhase section */

/* Begin PBXVariantGroup section */
		E9FB54D5209C051F000B1E8B /* LaunchScreen.storyboard */ = {
			isa = PBXVariantGroup;
			children = (
				E9FB54D6209C051F000B1E8B /* Base */,
			);
			name = LaunchScreen.storyboard;
			sourceTree = "<group>";
		};
/* End PBXVariantGroup section */

/* Begin XCBuildConfiguration section */
		E9FB54D9209C051F000B1E8B /* Debug */ = {
			isa = XCBuildConfiguration;
			buildSettings = {
				ALWAYS_SEARCH_USER_PATHS = NO;
				CLANG_ANALYZER_NONNULL = YES;
				CLANG_ANALYZER_NUMBER_OBJECT_CONVERSION = YES_AGGRESSIVE;
				CLANG_CXX_LANGUAGE_STANDARD = "gnu++14";
				CLANG_CXX_LIBRARY = "libc++";
				CLANG_ENABLE_MODULES = YES;
				CLANG_ENABLE_OBJC_ARC = YES;
				CLANG_ENABLE_OBJC_WEAK = YES;
				CLANG_WARN_BLOCK_CAPTURE_AUTORELEASING = YES;
				CLANG_WARN_BOOL_CONVERSION = YES;
				CLANG_WARN_COMMA = YES;
				CLANG_WARN_CONSTANT_CONVERSION = YES;
				CLANG_WARN_DEPRECATED_OBJC_IMPLEMENTATIONS = YES;
				CLANG_WARN_DIRECT_OBJC_ISA_USAGE = YES_ERROR;
				CLANG_WARN_DOCUMENTATION_COMMENTS = YES;
				CLANG_WARN_EMPTY_BODY = YES;
				CLANG_WARN_ENUM_CONVERSION = YES;
				CLANG_WARN_INFINITE_RECURSION = YES;
				CLANG_WARN_INT_CONVERSION = YES;
				CLANG_WARN_NON_LITERAL_NULL_CONVERSION = YES;
				CLANG_WARN_OBJC_IMPLICIT_RETAIN_SELF = YES;
				CLANG_WARN_OBJC_LITERAL_CONVERSION = YES;
				CLANG_WARN_OBJC_ROOT_CLASS = YES_ERROR;
				CLANG_WARN_RANGE_LOOP_ANALYSIS = YES;
				CLANG_WARN_STRICT_PROTOTYPES = YES;
				CLANG_WARN_SUSPICIOUS_MOVE = YES;
				CLANG_WARN_UNGUARDED_AVAILABILITY = YES_AGGRESSIVE;
				CLANG_WARN_UNREACHABLE_CODE = YES;
				CLANG_WARN__DUPLICATE_METHOD_MATCH = YES;
				CODE_SIGN_IDENTITY = "iPhone Developer";
				COPY_PHASE_STRIP = NO;
				DEBUG_INFORMATION_FORMAT = dwarf;
				ENABLE_STRICT_OBJC_MSGSEND = YES;
				ENABLE_TESTABILITY = YES;
				GCC_C_LANGUAGE_STANDARD = gnu11;
				GCC_DYNAMIC_NO_PIC = NO;
				GCC_NO_COMMON_BLOCKS = YES;
				GCC_OPTIMIZATION_LEVEL = 0;
				GCC_PREPROCESSOR_DEFINITIONS = (
					"DEBUG=1",
					"$(inherited)",
				);
				GCC_WARN_64_TO_32_BIT_CONVERSION = YES;
				GCC_WARN_ABOUT_RETURN_TYPE = YES_ERROR;
				GCC_WARN_UNDECLARED_SELECTOR = YES;
				GCC_WARN_UNINITIALIZED_AUTOS = YES_AGGRESSIVE;
				GCC_WARN_UNUSED_FUNCTION = YES;
				GCC_WARN_UNUSED_VARIABLE = YES;
				IPHONEOS_DEPLOYMENT_TARGET = 11.4;
				MTL_ENABLE_DEBUG_INFO = YES;
				ONLY_ACTIVE_ARCH = YES;
				SDKROOT = iphoneos;
				SWIFT_ACTIVE_COMPILATION_CONDITIONS = DEBUG;
				SWIFT_OPTIMIZATION_LEVEL = "-Onone";
			};
			name = Debug;
		};
		E9FB54DA209C051F000B1E8B /* Release */ = {
			isa = XCBuildConfiguration;
			buildSettings = {
				ALWAYS_SEARCH_USER_PATHS = NO;
				CLANG_ANALYZER_NONNULL = YES;
				CLANG_ANALYZER_NUMBER_OBJECT_CONVERSION = YES_AGGRESSIVE;
				CLANG_CXX_LANGUAGE_STANDARD = "gnu++14";
				CLANG_CXX_LIBRARY = "libc++";
				CLANG_ENABLE_MODULES = YES;
				CLANG_ENABLE_OBJC_ARC = YES;
				CLANG_ENABLE_OBJC_WEAK = YES;
				CLANG_WARN_BLOCK_CAPTURE_AUTORELEASING = YES;
				CLANG_WARN_BOOL_CONVERSION = YES;
				CLANG_WARN_COMMA = YES;
				CLANG_WARN_CONSTANT_CONVERSION = YES;
				CLANG_WARN_DEPRECATED_OBJC_IMPLEMENTATIONS = YES;
				CLANG_WARN_DIRECT_OBJC_ISA_USAGE = YES_ERROR;
				CLANG_WARN_DOCUMENTATION_COMMENTS = YES;
				CLANG_WARN_EMPTY_BODY = YES;
				CLANG_WARN_ENUM_CONVERSION = YES;
				CLANG_WARN_INFINITE_RECURSION = YES;
				CLANG_WARN_INT_CONVERSION = YES;
				CLANG_WARN_NON_LITERAL_NULL_CONVERSION = YES;
				CLANG_WARN_OBJC_IMPLICIT_RETAIN_SELF = YES;
				CLANG_WARN_OBJC_LITERAL_CONVERSION = YES;
				CLANG_WARN_OBJC_ROOT_CLASS = YES_ERROR;
				CLANG_WARN_RANGE_LOOP_ANALYSIS = YES;
				CLANG_WARN_STRICT_PROTOTYPES = YES;
				CLANG_WARN_SUSPICIOUS_MOVE = YES;
				CLANG_WARN_UNGUARDED_AVAILABILITY = YES_AGGRESSIVE;
				CLANG_WARN_UNREACHABLE_CODE = YES;
				CLANG_WARN__DUPLICATE_METHOD_MATCH = YES;
				CODE_SIGN_IDENTITY = "iPhone Developer";
				COPY_PHASE_STRIP = NO;
				DEBUG_INFORMATION_FORMAT = "dwarf-with-dsym";
				ENABLE_NS_ASSERTIONS = NO;
				ENABLE_STRICT_OBJC_MSGSEND = YES;
				GCC_C_LANGUAGE_STANDARD = gnu11;
				GCC_NO_COMMON_BLOCKS = YES;
				GCC_WARN_64_TO_32_BIT_CONVERSION = YES;
				GCC_WARN_ABOUT_RETURN_TYPE = YES_ERROR;
				GCC_WARN_UNDECLARED_SELECTOR = YES;
				GCC_WARN_UNINITIALIZED_AUTOS = YES_AGGRESSIVE;
				GCC_WARN_UNUSED_FUNCTION = YES;
				GCC_WARN_UNUSED_VARIABLE = YES;
				IPHONEOS_DEPLOYMENT_TARGET = 11.4;
				MTL_ENABLE_DEBUG_INFO = NO;
				SDKROOT = iphoneos;
				SWIFT_COMPILATION_MODE = wholemodule;
				SWIFT_OPTIMIZATION_LEVEL = "-O";
				VALIDATE_PRODUCT = YES;
			};
			name = Release;
		};
		E9FB54DC209C051F000B1E8B /* Debug */ = {
			isa = XCBuildConfiguration;
			buildSettings = {
				ASSETCATALOG_COMPILER_APPICON_NAME = AppIcon;
				CODE_SIGN_STYLE = Automatic;
				INFOPLIST_FILE = "Youtube Challenge/Info.plist";
				LD_RUNPATH_SEARCH_PATHS = (
					"$(inherited)",
					"@executable_path/Frameworks",
				);
				PRODUCT_BUNDLE_IDENTIFIER = "com.sone.Youtube-Challenge";
				PRODUCT_NAME = "$(TARGET_NAME)";
				SWIFT_VERSION = 4.0;
				TARGETED_DEVICE_FAMILY = "1,2";
			};
			name = Debug;
		};
		E9FB54DD209C051F000B1E8B /* Release */ = {
			isa = XCBuildConfiguration;
			buildSettings = {
				ASSETCATALOG_COMPILER_APPICON_NAME = AppIcon;
				CODE_SIGN_STYLE = Automatic;
				INFOPLIST_FILE = "Youtube Challenge/Info.plist";
				LD_RUNPATH_SEARCH_PATHS = (
					"$(inherited)",
					"@executable_path/Frameworks",
				);
				PRODUCT_BUNDLE_IDENTIFIER = "com.sone.Youtube-Challenge";
				PRODUCT_NAME = "$(TARGET_NAME)";
				SWIFT_VERSION = 4.0;
				TARGETED_DEVICE_FAMILY = "1,2";
			};
			name = Release;
		};
/* End XCBuildConfiguration section */

/* Begin XCConfigurationList section */
		E9FB54C4209C051E000B1E8B /* Build configuration list for PBXProject "Youtube Challenge" */ = {
			isa = XCConfigurationList;
			buildConfigurations = (
				E9FB54D9209C051F000B1E8B /* Debug */,
				E9FB54DA209C051F000B1E8B /* Release */,
			);
			defaultConfigurationIsVisible = 0;
			defaultConfigurationName = Release;
		};
		E9FB54DB209C051F000B1E8B /* Build configuration list for PBXNativeTarget "Youtube Challenge" */ = {
			isa = XCConfigurationList;
			buildConfigurations = (
				E9FB54DC209C051F000B1E8B /* Debug */,
				E9FB54DD209C051F000B1E8B /* Release */,
			);
			defaultConfigurationIsVisible = 0;
			defaultConfigurationName = Release;
		};
/* End XCConfigurationList section */
	};
	rootObject = E9FB54C1209C051E000B1E8B /* Project object */;
}
